// !$*UTF8*$!
{
	archiveVersion = 1;
	classes = {
	};
	objectVersion = 56;
	objects = {

/* Begin PBXBuildFile section */
		A5BC2FC12A770FD8006CF734 /* TSQApp.swift in Sources */ = {isa = PBXBuildFile; fileRef = A5BC2FC02A770FD8006CF734 /* TSQApp.swift */; };
		A5BC2FC32A770FD8006CF734 /* ContentView.swift in Sources */ = {isa = PBXBuildFile; fileRef = A5BC2FC22A770FD8006CF734 /* ContentView.swift */; };
		A5BC2FC52A770FD9006CF734 /* Assets.xcassets in Resources */ = {isa = PBXBuildFile; fileRef = A5BC2FC42A770FD9006CF734 /* Assets.xcassets */; };
		A5BC2FC82A770FD9006CF734 /* Preview Assets.xcassets in Resources */ = {isa = PBXBuildFile; fileRef = A5BC2FC72A770FD9006CF734 /* Preview Assets.xcassets */; };
		A5BC2FD22A770FD9006CF734 /* TSQTests.swift in Sources */ = {isa = PBXBuildFile; fileRef = A5BC2FD12A770FD9006CF734 /* TSQTests.swift */; };
		A5BC2FDC2A770FD9006CF734 /* TSQUITests.swift in Sources */ = {isa = PBXBuildFile; fileRef = A5BC2FDB2A770FD9006CF734 /* TSQUITests.swift */; };
		A5BC2FDE2A770FD9006CF734 /* TSQUITestsLaunchTests.swift in Sources */ = {isa = PBXBuildFile; fileRef = A5BC2FDD2A770FD9006CF734 /* TSQUITestsLaunchTests.swift */; };
/* End PBXBuildFile section */

/* Begin PBXContainerItemProxy section */
		A5BC2FCE2A770FD9006CF734 /* PBXContainerItemProxy */ = {
			isa = PBXContainerItemProxy;
			containerPortal = A5BC2FB52A770FD8006CF734 /* Project object */;
			proxyType = 1;
			remoteGlobalIDString = A5BC2FBC2A770FD8006CF734;
			remoteInfo = TSQ;
		};
		A5BC2FD82A770FD9006CF734 /* PBXContainerItemProxy */ = {
			isa = PBXContainerItemProxy;
			containerPortal = A5BC2FB52A770FD8006CF734 /* Project object */;
			proxyType = 1;
			remoteGlobalIDString = A5BC2FBC2A770FD8006CF734;
			remoteInfo = TSQ;
		};
/* End PBXContainerItemProxy section */

/* Begin PBXFileReference section */
		A5BC2FBD2A770FD8006CF734 /* TSQ.app */ = {isa = PBXFileReference; explicitFileType = wrapper.application; includeInIndex = 0; path = TSQ.app; sourceTree = BUILT_PRODUCTS_DIR; };
		A5BC2FC02A770FD8006CF734 /* TSQApp.swift */ = {isa = PBXFileReference; lastKnownFileType = sourcecode.swift; path = TSQApp.swift; sourceTree = "<group>"; };
		A5BC2FC22A770FD8006CF734 /* ContentView.swift */ = {isa = PBXFileReference; lastKnownFileType = sourcecode.swift; path = ContentView.swift; sourceTree = "<group>"; };
		A5BC2FC42A770FD9006CF734 /* Assets.xcassets */ = {isa = PBXFileReference; lastKnownFileType = folder.assetcatalog; path = Assets.xcassets; sourceTree = "<group>"; };
		A5BC2FC72A770FD9006CF734 /* Preview Assets.xcassets */ = {isa = PBXFileReference; lastKnownFileType = folder.assetcatalog; path = "Preview Assets.xcassets"; sourceTree = "<group>"; };
		A5BC2FCD2A770FD9006CF734 /* TSQTests.xctest */ = {isa = PBXFileReference; explicitFileType = wrapper.cfbundle; includeInIndex = 0; path = TSQTests.xctest; sourceTree = BUILT_PRODUCTS_DIR; };
		A5BC2FD12A770FD9006CF734 /* TSQTests.swift */ = {isa = PBXFileReference; lastKnownFileType = sourcecode.swift; path = TSQTests.swift; sourceTree = "<group>"; };
		A5BC2FD72A770FD9006CF734 /* TSQUITests.xctest */ = {isa = PBXFileReference; explicitFileType = wrapper.cfbundle; includeInIndex = 0; path = TSQUITests.xctest; sourceTree = BUILT_PRODUCTS_DIR; };
		A5BC2FDB2A770FD9006CF734 /* TSQUITests.swift */ = {isa = PBXFileReference; lastKnownFileType = sourcecode.swift; path = TSQUITests.swift; sourceTree = "<group>"; };
		A5BC2FDD2A770FD9006CF734 /* TSQUITestsLaunchTests.swift */ = {isa = PBXFileReference; lastKnownFileType = sourcecode.swift; path = TSQUITestsLaunchTests.swift; sourceTree = "<group>"; };
/* End PBXFileReference section */

/* Begin PBXFrameworksBuildPhase section */
		A5BC2FBA2A770FD8006CF734 /* Frameworks */ = {
			isa = PBXFrameworksBuildPhase;
			buildActionMask = 2147483647;
			files = (
			);
			runOnlyForDeploymentPostprocessing = 0;
		};
		A5BC2FCA2A770FD9006CF734 /* Frameworks */ = {
			isa = PBXFrameworksBuildPhase;
			buildActionMask = 2147483647;
			files = (
			);
			runOnlyForDeploymentPostprocessing = 0;
		};
		A5BC2FD42A770FD9006CF734 /* Frameworks */ = {
			isa = PBXFrameworksBuildPhase;
			buildActionMask = 2147483647;
			files = (
			);
			runOnlyForDeploymentPostprocessing = 0;
		};
/* End PBXFrameworksBuildPhase section */

/* Begin PBXGroup section */
		A5BC2FB42A770FD8006CF734 = {
			isa = PBXGroup;
			children = (
				A5BC2FBF2A770FD8006CF734 /* TSQ */,
				A5BC2FD02A770FD9006CF734 /* TSQTests */,
				A5BC2FDA2A770FD9006CF734 /* TSQUITests */,
				A5BC2FBE2A770FD8006CF734 /* Products */,
			);
			sourceTree = "<group>";
		};
		A5BC2FBE2A770FD8006CF734 /* Products */ = {
			isa = PBXGroup;
			children = (
				A5BC2FBD2A770FD8006CF734 /* TSQ.app */,
				A5BC2FCD2A770FD9006CF734 /* TSQTests.xctest */,
				A5BC2FD72A770FD9006CF734 /* TSQUITests.xctest */,
			);
			name = Products;
			sourceTree = "<group>";
		};
		A5BC2FBF2A770FD8006CF734 /* TSQ */ = {
			isa = PBXGroup;
			children = (
				A5BC2FC02A770FD8006CF734 /* TSQApp.swift */,
				A5BC2FC22A770FD8006CF734 /* ContentView.swift */,
				A5BC2FC42A770FD9006CF734 /* Assets.xcassets */,
				A5BC2FC62A770FD9006CF734 /* Preview Content */,
			);
			path = TSQ;
			sourceTree = "<group>";
		};
		A5BC2FC62A770FD9006CF734 /* Preview Content */ = {
			isa = PBXGroup;
			children = (
				A5BC2FC72A770FD9006CF734 /* Preview Assets.xcassets */,
			);
			path = "Preview Content";
			sourceTree = "<group>";
		};
		A5BC2FD02A770FD9006CF734 /* TSQTests */ = {
			isa = PBXGroup;
			children = (
				A5BC2FD12A770FD9006CF734 /* TSQTests.swift */,
			);
			path = TSQTests;
			sourceTree = "<group>";
		};
		A5BC2FDA2A770FD9006CF734 /* TSQUITests */ = {
			isa = PBXGroup;
			children = (
				A5BC2FDB2A770FD9006CF734 /* TSQUITests.swift */,
				A5BC2FDD2A770FD9006CF734 /* TSQUITestsLaunchTests.swift */,
			);
			path = TSQUITests;
			sourceTree = "<group>";
		};
/* End PBXGroup section */

/* Begin PBXNativeTarget section */
		A5BC2FBC2A770FD8006CF734 /* TSQ */ = {
			isa = PBXNativeTarget;
			buildConfigurationList = A5BC2FE12A770FD9006CF734 /* Build configuration list for PBXNativeTarget "TSQ" */;
			buildPhases = (
				A5BC2FB92A770FD8006CF734 /* Sources */,
				A5BC2FBA2A770FD8006CF734 /* Frameworks */,
				A5BC2FBB2A770FD8006CF734 /* Resources */,
			);
			buildRules = (
			);
			dependencies = (
			);
			name = TSQ;
			productName = TSQ;
			productReference = A5BC2FBD2A770FD8006CF734 /* TSQ.app */;
			productType = "com.apple.product-type.application";
		};
		A5BC2FCC2A770FD9006CF734 /* TSQTests */ = {
			isa = PBXNativeTarget;
			buildConfigurationList = A5BC2FE42A770FD9006CF734 /* Build configuration list for PBXNativeTarget "TSQTests" */;
			buildPhases = (
				A5BC2FC92A770FD9006CF734 /* Sources */,
				A5BC2FCA2A770FD9006CF734 /* Frameworks */,
				A5BC2FCB2A770FD9006CF734 /* Resources */,
			);
			buildRules = (
			);
			dependencies = (
				A5BC2FCF2A770FD9006CF734 /* PBXTargetDependency */,
			);
			name = TSQTests;
			productName = TSQTests;
			productReference = A5BC2FCD2A770FD9006CF734 /* TSQTests.xctest */;
			productType = "com.apple.product-type.bundle.unit-test";
		};
		A5BC2FD62A770FD9006CF734 /* TSQUITests */ = {
			isa = PBXNativeTarget;
			buildConfigurationList = A5BC2FE72A770FD9006CF734 /* Build configuration list for PBXNativeTarget "TSQUITests" */;
			buildPhases = (
				A5BC2FD32A770FD9006CF734 /* Sources */,
				A5BC2FD42A770FD9006CF734 /* Frameworks */,
				A5BC2FD52A770FD9006CF734 /* Resources */,
			);
			buildRules = (
			);
			dependencies = (
				A5BC2FD92A770FD9006CF734 /* PBXTargetDependency */,
			);
			name = TSQUITests;
			productName = TSQUITests;
			productReference = A5BC2FD72A770FD9006CF734 /* TSQUITests.xctest */;
			productType = "com.apple.product-type.bundle.ui-testing";
		};
/* End PBXNativeTarget section */

/* Begin PBXProject section */
		A5BC2FB52A770FD8006CF734 /* Project object */ = {
			isa = PBXProject;
			attributes = {
				BuildIndependentTargetsInParallel = 1;
				LastSwiftUpdateCheck = 1430;
				LastUpgradeCheck = 1430;
				TargetAttributes = {
					A5BC2FBC2A770FD8006CF734 = {
						CreatedOnToolsVersion = 14.3.1;
					};
					A5BC2FCC2A770FD9006CF734 = {
						CreatedOnToolsVersion = 14.3.1;
						TestTargetID = A5BC2FBC2A770FD8006CF734;
					};
					A5BC2FD62A770FD9006CF734 = {
						CreatedOnToolsVersion = 14.3.1;
						TestTargetID = A5BC2FBC2A770FD8006CF734;
					};
				};
			};
			buildConfigurationList = A5BC2FB82A770FD8006CF734 /* Build configuration list for PBXProject "TSQ" */;
			compatibilityVersion = "Xcode 14.0";
			developmentRegion = en;
			hasScannedForEncodings = 0;
			knownRegions = (
				en,
				Base,
			);
			mainGroup = A5BC2FB42A770FD8006CF734;
			productRefGroup = A5BC2FBE2A770FD8006CF734 /* Products */;
			projectDirPath = "";
			projectRoot = "";
			targets = (
				A5BC2FBC2A770FD8006CF734 /* TSQ */,
				A5BC2FCC2A770FD9006CF734 /* TSQTests */,
				A5BC2FD62A770FD9006CF734 /* TSQUITests */,
			);
		};
/* End PBXProject section */

/* Begin PBXResourcesBuildPhase section */
		A5BC2FBB2A770FD8006CF734 /* Resources */ = {
			isa = PBXResourcesBuildPhase;
			buildActionMask = 2147483647;
			files = (
				A5BC2FC82A770FD9006CF734 /* Preview Assets.xcassets in Resources */,
				A5BC2FC52A770FD9006CF734 /* Assets.xcassets in Resources */,
			);
			runOnlyForDeploymentPostprocessing = 0;
		};
		A5BC2FCB2A770FD9006CF734 /* Resources */ = {
			isa = PBXResourcesBuildPhase;
			buildActionMask = 2147483647;
			files = (
			);
			runOnlyForDeploymentPostprocessing = 0;
		};
		A5BC2FD52A770FD9006CF734 /* Resources */ = {
			isa = PBXResourcesBuildPhase;
			buildActionMask = 2147483647;
			files = (
			);
			runOnlyForDeploymentPostprocessing = 0;
		};
/* End PBXResourcesBuildPhase section */

/* Begin PBXSourcesBuildPhase section */
		A5BC2FB92A770FD8006CF734 /* Sources */ = {
			isa = PBXSourcesBuildPhase;
			buildActionMask = 2147483647;
			files = (
				A5BC2FC32A770FD8006CF734 /* ContentView.swift in Sources */,
				A5BC2FC12A770FD8006CF734 /* TSQApp.swift in Sources */,
			);
			runOnlyForDeploymentPostprocessing = 0;
		};
		A5BC2FC92A770FD9006CF734 /* Sources */ = {
			isa = PBXSourcesBuildPhase;
			buildActionMask = 2147483647;
			files = (
				A5BC2FD22A770FD9006CF734 /* TSQTests.swift in Sources */,
			);
			runOnlyForDeploymentPostprocessing = 0;
		};
		A5BC2FD32A770FD9006CF734 /* Sources */ = {
			isa = PBXSourcesBuildPhase;
			buildActionMask = 2147483647;
			files = (
				A5BC2FDC2A770FD9006CF734 /* TSQUITests.swift in Sources */,
				A5BC2FDE2A770FD9006CF734 /* TSQUITestsLaunchTests.swift in Sources */,
			);
			runOnlyForDeploymentPostprocessing = 0;
		};
/* End PBXSourcesBuildPhase section */

/* Begin PBXTargetDependency section */
		A5BC2FCF2A770FD9006CF734 /* PBXTargetDependency */ = {
			isa = PBXTargetDependency;
			target = A5BC2FBC2A770FD8006CF734 /* TSQ */;
			targetProxy = A5BC2FCE2A770FD9006CF734 /* PBXContainerItemProxy */;
		};
		A5BC2FD92A770FD9006CF734 /* PBXTargetDependency */ = {
			isa = PBXTargetDependency;
			target = A5BC2FBC2A770FD8006CF734 /* TSQ */;
			targetProxy = A5BC2FD82A770FD9006CF734 /* PBXContainerItemProxy */;
		};
/* End PBXTargetDependency section */

/* Begin XCBuildConfiguration section */
		A5BC2FDF2A770FD9006CF734 /* Debug */ = {
			isa = XCBuildConfiguration;
			buildSettings = {
				ALWAYS_SEARCH_USER_PATHS = NO;
				CLANG_ANALYZER_NONNULL = YES;
				CLANG_ANALYZER_NUMBER_OBJECT_CONVERSION = YES_AGGRESSIVE;
				CLANG_CXX_LANGUAGE_STANDARD = "gnu++20";
				CLANG_ENABLE_MODULES = YES;
				CLANG_ENABLE_OBJC_ARC = YES;
				CLANG_ENABLE_OBJC_WEAK = YES;
				CLANG_WARN_BLOCK_CAPTURE_AUTORELEASING = YES;
				CLANG_WARN_BOOL_CONVERSION = YES;
				CLANG_WARN_COMMA = YES;
				CLANG_WARN_CONSTANT_CONVERSION = YES;
				CLANG_WARN_DEPRECATED_OBJC_IMPLEMENTATIONS = YES;
				CLANG_WARN_DIRECT_OBJC_ISA_USAGE = YES_ERROR;
				CLANG_WARN_DOCUMENTATION_COMMENTS = YES;
				CLANG_WARN_EMPTY_BODY = YES;
				CLANG_WARN_ENUM_CONVERSION = YES;
				CLANG_WARN_INFINITE_RECURSION = YES;
				CLANG_WARN_INT_CONVERSION = YES;
				CLANG_WARN_NON_LITERAL_NULL_CONVERSION = YES;
				CLANG_WARN_OBJC_IMPLICIT_RETAIN_SELF = YES;
				CLANG_WARN_OBJC_LITERAL_CONVERSION = YES;
				CLANG_WARN_OBJC_ROOT_CLASS = YES_ERROR;
				CLANG_WARN_QUOTED_INCLUDE_IN_FRAMEWORK_HEADER = YES;
				CLANG_WARN_RANGE_LOOP_ANALYSIS = YES;
				CLANG_WARN_STRICT_PROTOTYPES = YES;
				CLANG_WARN_SUSPICIOUS_MOVE = YES;
				CLANG_WARN_UNGUARDED_AVAILABILITY = YES_AGGRESSIVE;
				CLANG_WARN_UNREACHABLE_CODE = YES;
				CLANG_WARN__DUPLICATE_METHOD_MATCH = YES;
				COPY_PHASE_STRIP = NO;
				DEBUG_INFORMATION_FORMAT = dwarf;
				ENABLE_STRICT_OBJC_MSGSEND = YES;
				ENABLE_TESTABILITY = YES;
				GCC_C_LANGUAGE_STANDARD = gnu11;
				GCC_DYNAMIC_NO_PIC = NO;
				GCC_NO_COMMON_BLOCKS = YES;
				GCC_OPTIMIZATION_LEVEL = 0;
				GCC_PREPROCESSOR_DEFINITIONS = (
					"DEBUG=1",
					"$(inherited)",
				);
				GCC_WARN_64_TO_32_BIT_CONVERSION = YES;
				GCC_WARN_ABOUT_RETURN_TYPE = YES_ERROR;
				GCC_WARN_UNDECLARED_SELECTOR = YES;
				GCC_WARN_UNINITIALIZED_AUTOS = YES_AGGRESSIVE;
				GCC_WARN_UNUSED_FUNCTION = YES;
				GCC_WARN_UNUSED_VARIABLE = YES;
				IPHONEOS_DEPLOYMENT_TARGET = 16.4;
				MTL_ENABLE_DEBUG_INFO = INCLUDE_SOURCE;
				MTL_FAST_MATH = YES;
				ONLY_ACTIVE_ARCH = YES;
				SDKROOT = iphoneos;
				SWIFT_ACTIVE_COMPILATION_CONDITIONS = DEBUG;
				SWIFT_OPTIMIZATION_LEVEL = "-Onone";
			};
			name = Debug;
		};
		A5BC2FE02A770FD9006CF734 /* Release */ = {
			isa = XCBuildConfiguration;
			buildSettings = {
				ALWAYS_SEARCH_USER_PATHS = NO;
				CLANG_ANALYZER_NONNULL = YES;
				CLANG_ANALYZER_NUMBER_OBJECT_CONVERSION = YES_AGGRESSIVE;
				CLANG_CXX_LANGUAGE_STANDARD = "gnu++20";
				CLANG_ENABLE_MODULES = YES;
				CLANG_ENABLE_OBJC_ARC = YES;
				CLANG_ENABLE_OBJC_WEAK = YES;
				CLANG_WARN_BLOCK_CAPTURE_AUTORELEASING = YES;
				CLANG_WARN_BOOL_CONVERSION = YES;
				CLANG_WARN_COMMA = YES;
				CLANG_WARN_CONSTANT_CONVERSION = YES;
				CLANG_WARN_DEPRECATED_OBJC_IMPLEMENTATIONS = YES;
				CLANG_WARN_DIRECT_OBJC_ISA_USAGE = YES_ERROR;
				CLANG_WARN_DOCUMENTATION_COMMENTS = YES;
				CLANG_WARN_EMPTY_BODY = YES;
				CLANG_WARN_ENUM_CONVERSION = YES;
				CLANG_WARN_INFINITE_RECURSION = YES;
				CLANG_WARN_INT_CONVERSION = YES;
				CLANG_WARN_NON_LITERAL_NULL_CONVERSION = YES;
				CLANG_WARN_OBJC_IMPLICIT_RETAIN_SELF = YES;
				CLANG_WARN_OBJC_LITERAL_CONVERSION = YES;
				CLANG_WARN_OBJC_ROOT_CLASS = YES_ERROR;
				CLANG_WARN_QUOTED_INCLUDE_IN_FRAMEWORK_HEADER = YES;
				CLANG_WARN_RANGE_LOOP_ANALYSIS = YES;
				CLANG_WARN_STRICT_PROTOTYPES = YES;
				CLANG_WARN_SUSPICIOUS_MOVE = YES;
				CLANG_WARN_UNGUARDED_AVAILABILITY = YES_AGGRESSIVE;
				CLANG_WARN_UNREACHABLE_CODE = YES;
				CLANG_WARN__DUPLICATE_METHOD_MATCH = YES;
				COPY_PHASE_STRIP = NO;
				DEBUG_INFORMATION_FORMAT = "dwarf-with-dsym";
				ENABLE_NS_ASSERTIONS = NO;
				ENABLE_STRICT_OBJC_MSGSEND = YES;
				GCC_C_LANGUAGE_STANDARD = gnu11;
				GCC_NO_COMMON_BLOCKS = YES;
				GCC_WARN_64_TO_32_BIT_CONVERSION = YES;
				GCC_WARN_ABOUT_RETURN_TYPE = YES_ERROR;
				GCC_WARN_UNDECLARED_SELECTOR = YES;
				GCC_WARN_UNINITIALIZED_AUTOS = YES_AGGRESSIVE;
				GCC_WARN_UNUSED_FUNCTION = YES;
				GCC_WARN_UNUSED_VARIABLE = YES;
				IPHONEOS_DEPLOYMENT_TARGET = 16.4;
				MTL_ENABLE_DEBUG_INFO = NO;
				MTL_FAST_MATH = YES;
				SDKROOT = iphoneos;
				SWIFT_COMPILATION_MODE = wholemodule;
				SWIFT_OPTIMIZATION_LEVEL = "-O";
				VALIDATE_PRODUCT = YES;
			};
			name = Release;
		};
		A5BC2FE22A770FD9006CF734 /* Debug */ = {
			isa = XCBuildConfiguration;
			buildSettings = {
				ASSETCATALOG_COMPILER_APPICON_NAME = AppIcon;
				ASSETCATALOG_COMPILER_GLOBAL_ACCENT_COLOR_NAME = AccentColor;
				CODE_SIGN_STYLE = Automatic;
				CURRENT_PROJECT_VERSION = 1;
				DEVELOPMENT_ASSET_PATHS = "\"TSQ/Preview Content\"";
				ENABLE_PREVIEWS = YES;
				GENERATE_INFOPLIST_FILE = YES;
				INFOPLIST_KEY_UIApplicationSceneManifest_Generation = YES;
				INFOPLIST_KEY_UIApplicationSupportsIndirectInputEvents = YES;
				INFOPLIST_KEY_UILaunchScreen_Generation = YES;
				INFOPLIST_KEY_UISupportedInterfaceOrientations_iPad = "UIInterfaceOrientationPortrait UIInterfaceOrientationPortraitUpsideDown UIInterfaceOrientationLandscapeLeft UIInterfaceOrientationLandscapeRight";
				INFOPLIST_KEY_UISupportedInterfaceOrientations_iPhone = "UIInterfaceOrientationPortrait UIInterfaceOrientationLandscapeLeft UIInterfaceOrientationLandscapeRight";
				LD_RUNPATH_SEARCH_PATHS = (
					"$(inherited)",
					"@executable_path/Frameworks",
				);
				MARKETING_VERSION = 1.0;
				PRODUCT_BUNDLE_IDENTIFIER = com.PersonalDev.TSQ;
				PRODUCT_NAME = "$(TARGET_NAME)";
				SWIFT_EMIT_LOC_STRINGS = YES;
				SWIFT_VERSION = 5.0;
				TARGETED_DEVICE_FAMILY = "1,2";
			};
			name = Debug;
		};
		A5BC2FE32A770FD9006CF734 /* Release */ = {
			isa = XCBuildConfiguration;
			buildSettings = {
				ASSETCATALOG_COMPILER_APPICON_NAME = AppIcon;
				ASSETCATALOG_COMPILER_GLOBAL_ACCENT_COLOR_NAME = AccentColor;
				CODE_SIGN_STYLE = Automatic;
				CURRENT_PROJECT_VERSION = 1;
				DEVELOPMENT_ASSET_PATHS = "\"TSQ/Preview Content\"";
				ENABLE_PREVIEWS = YES;
				GENERATE_INFOPLIST_FILE = YES;
				INFOPLIST_KEY_UIApplicationSceneManifest_Generation = YES;
				INFOPLIST_KEY_UIApplicationSupportsIndirectInputEvents = YES;
				INFOPLIST_KEY_UILaunchScreen_Generation = YES;
				INFOPLIST_KEY_UISupportedInterfaceOrientations_iPad = "UIInterfaceOrientationPortrait UIInterfaceOrientationPortraitUpsideDown UIInterfaceOrientationLandscapeLeft UIInterfaceOrientationLandscapeRight";
				INFOPLIST_KEY_UISupportedInterfaceOrientations_iPhone = "UIInterfaceOrientationPortrait UIInterfaceOrientationLandscapeLeft UIInterfaceOrientationLandscapeRight";
				LD_RUNPATH_SEARCH_PATHS = (
					"$(inherited)",
					"@executable_path/Frameworks",
				);
				MARKETING_VERSION = 1.0;
				PRODUCT_BUNDLE_IDENTIFIER = com.PersonalDev.TSQ;
				PRODUCT_NAME = "$(TARGET_NAME)";
				SWIFT_EMIT_LOC_STRINGS = YES;
				SWIFT_VERSION = 5.0;
				TARGETED_DEVICE_FAMILY = "1,2";
			};
			name = Release;
		};
		A5BC2FE52A770FD9006CF734 /* Debug */ = {
			isa = XCBuildConfiguration;
			buildSettings = {
				ALWAYS_EMBED_SWIFT_STANDARD_LIBRARIES = YES;
				BUNDLE_LOADER = "$(TEST_HOST)";
				CODE_SIGN_STYLE = Automatic;
				CURRENT_PROJECT_VERSION = 1;
				GENERATE_INFOPLIST_FILE = YES;
				IPHONEOS_DEPLOYMENT_TARGET = 16.4;
				MARKETING_VERSION = 1.0;
				PRODUCT_BUNDLE_IDENTIFIER = com.PersonalDev.TSQTests;
				PRODUCT_NAME = "$(TARGET_NAME)";
				SWIFT_EMIT_LOC_STRINGS = NO;
				SWIFT_VERSION = 5.0;
				TARGETED_DEVICE_FAMILY = "1,2";
				TEST_HOST = "$(BUILT_PRODUCTS_DIR)/TSQ.app/$(BUNDLE_EXECUTABLE_FOLDER_PATH)/TSQ";
			};
			name = Debug;
		};
		A5BC2FE62A770FD9006CF734 /* Release */ = {
			isa = XCBuildConfiguration;
			buildSettings = {
				ALWAYS_EMBED_SWIFT_STANDARD_LIBRARIES = YES;
				BUNDLE_LOADER = "$(TEST_HOST)";
				CODE_SIGN_STYLE = Automatic;
				CURRENT_PROJECT_VERSION = 1;
				GENERATE_INFOPLIST_FILE = YES;
				IPHONEOS_DEPLOYMENT_TARGET = 16.4;
				MARKETING_VERSION = 1.0;
				PRODUCT_BUNDLE_IDENTIFIER = com.PersonalDev.TSQTests;
				PRODUCT_NAME = "$(TARGET_NAME)";
				SWIFT_EMIT_LOC_STRINGS = NO;
				SWIFT_VERSION = 5.0;
				TARGETED_DEVICE_FAMILY = "1,2";
				TEST_HOST = "$(BUILT_PRODUCTS_DIR)/TSQ.app/$(BUNDLE_EXECUTABLE_FOLDER_PATH)/TSQ";
			};
			name = Release;
		};
		A5BC2FE82A770FD9006CF734 /* Debug */ = {
			isa = XCBuildConfiguration;
			buildSettings = {
				ALWAYS_EMBED_SWIFT_STANDARD_LIBRARIES = YES;
				CODE_SIGN_STYLE = Automatic;
				CURRENT_PROJECT_VERSION = 1;
				GENERATE_INFOPLIST_FILE = YES;
				MARKETING_VERSION = 1.0;
				PRODUCT_BUNDLE_IDENTIFIER = com.PersonalDev.TSQUITests;
				PRODUCT_NAME = "$(TARGET_NAME)";
				SWIFT_EMIT_LOC_STRINGS = NO;
				SWIFT_VERSION = 5.0;
				TARGETED_DEVICE_FAMILY = "1,2";
				TEST_TARGET_NAME = TSQ;
			};
			name = Debug;
		};
		A5BC2FE92A770FD9006CF734 /* Release */ = {
			isa = XCBuildConfiguration;
			buildSettings = {
				ALWAYS_EMBED_SWIFT_STANDARD_LIBRARIES = YES;
				CODE_SIGN_STYLE = Automatic;
				CURRENT_PROJECT_VERSION = 1;
				GENERATE_INFOPLIST_FILE = YES;
				MARKETING_VERSION = 1.0;
				PRODUCT_BUNDLE_IDENTIFIER = com.PersonalDev.TSQUITests;
				PRODUCT_NAME = "$(TARGET_NAME)";
				SWIFT_EMIT_LOC_STRINGS = NO;
				SWIFT_VERSION = 5.0;
				TARGETED_DEVICE_FAMILY = "1,2";
				TEST_TARGET_NAME = TSQ;
			};
			name = Release;
		};
/* End XCBuildConfiguration section */

/* Begin XCConfigurationList section */
		A5BC2FB82A770FD8006CF734 /* Build configuration list for PBXProject "TSQ" */ = {
			isa = XCConfigurationList;
			buildConfigurations = (
				A5BC2FDF2A770FD9006CF734 /* Debug */,
				A5BC2FE02A770FD9006CF734 /* Release */,
			);
			defaultConfigurationIsVisible = 0;
			defaultConfigurationName = Release;
		};
		A5BC2FE12A770FD9006CF734 /* Build configuration list for PBXNativeTarget "TSQ" */ = {
			isa = XCConfigurationList;
			buildConfigurations = (
				A5BC2FE22A770FD9006CF734 /* Debug */,
				A5BC2FE32A770FD9006CF734 /* Release */,
			);
			defaultConfigurationIsVisible = 0;
			defaultConfigurationName = Release;
		};
		A5BC2FE42A770FD9006CF734 /* Build configuration list for PBXNativeTarget "TSQTests" */ = {
			isa = XCConfigurationList;
			buildConfigurations = (
				A5BC2FE52A770FD9006CF734 /* Debug */,
				A5BC2FE62A770FD9006CF734 /* Release */,
			);
			defaultConfigurationIsVisible = 0;
			defaultConfigurationName = Release;
		};
		A5BC2FE72A770FD9006CF734 /* Build configuration list for PBXNativeTarget "TSQUITests" */ = {
			isa = XCConfigurationList;
			buildConfigurations = (
				A5BC2FE82A770FD9006CF734 /* Debug */,
				A5BC2FE92A770FD9006CF734 /* Release */,
			);
			defaultConfigurationIsVisible = 0;
			defaultConfigurationName = Release;
		};
/* End XCConfigurationList section */
	};
	rootObject = A5BC2FB52A770FD8006CF734 /* Project object */;
}
